
Microsoft Visual Studio Solution File, Format Version 12.00
Project("{FAE04EC0-301F-11D3-BF4B-00C04F79EFBC}") = "EleganteModeWithNHCore", "src\EleganteModeWithNHCore\EleganteModeWithNHCore.csproj", "{0C96F30D-70F5-4EE7-998A-AB3A8CDD6083}"
EndProject
Project("{FAE04EC0-301F-11D3-BF4B-00C04F79EFBC}") = "ManyToMany.Integration.Testing", "ManyToMany.Integration.Testing\ManyToMany.Integration.Testing.csproj", "{D703E47D-5838-4392-A558-1180068E553B}"
EndProject
Project("{2150E333-8FDC-42A3-9474-1A3956D46DE8}") = "tests", "tests", "{A25D45DF-5DE2-49E4-B24D-28A5A1A827AC}"
EndProject
Project("{FAE04EC0-301F-11D3-BF4B-00C04F79EFBC}") = "EleganteModeWithEFCore", "src\EleganteModeWithEFCore\EleganteModeWithEFCore.csproj", "{76434656-1D7E-40F6-8E06-E271B590408E}"
EndProject
Project("{FAE04EC0-301F-11D3-BF4B-00C04F79EFBC}") = "DirtyModeWithEFCore", "src\DirtyModeWithEFCore\DirtyModeWithEFCore.csproj", "{C90F6237-17BF-42F5-8229-84442F1B3E95}"
EndProject
Global
	GlobalSection(SolutionConfigurationPlatforms) = preSolution
		Debug|Any CPU = Debug|Any CPU
		Release|Any CPU = Release|Any CPU
	EndGlobalSection
	GlobalSection(ProjectConfigurationPlatforms) = postSolution
		{0C96F30D-70F5-4EE7-998A-AB3A8CDD6083}.Debug|Any CPU.ActiveCfg = Debug|Any CPU
		{0C96F30D-70F5-4EE7-998A-AB3A8CDD6083}.Debug|Any CPU.Build.0 = Debug|Any CPU
		{0C96F30D-70F5-4EE7-998A-AB3A8CDD6083}.Release|Any CPU.ActiveCfg = Release|Any CPU
		{0C96F30D-70F5-4EE7-998A-AB3A8CDD6083}.Release|Any CPU.Build.0 = Release|Any CPU
		{D703E47D-5838-4392-A558-1180068E553B}.Debug|Any CPU.ActiveCfg = Debug|Any CPU
		{D703E47D-5838-4392-A558-1180068E553B}.Debug|Any CPU.Build.0 = Debug|Any CPU
		{D703E47D-5838-4392-A558-1180068E553B}.Release|Any CPU.ActiveCfg = Release|Any CPU
		{D703E47D-5838-4392-A558-1180068E553B}.Release|Any CPU.Build.0 = Release|Any CPU
		{76434656-1D7E-40F6-8E06-E271B590408E}.Debug|Any CPU.ActiveCfg = Debug|Any CPU
		{76434656-1D7E-40F6-8E06-E271B590408E}.Debug|Any CPU.Build.0 = Debug|Any CPU
		{76434656-1D7E-40F6-8E06-E271B590408E}.Release|Any CPU.ActiveCfg = Release|Any CPU
		{76434656-1D7E-40F6-8E06-E271B590408E}.Release|Any CPU.Build.0 = Release|Any CPU
		{C90F6237-17BF-42F5-8229-84442F1B3E95}.Debug|Any CPU.ActiveCfg = Debug|Any CPU
		{C90F6237-17BF-42F5-8229-84442F1B3E95}.Debug|Any CPU.Build.0 = Debug|Any CPU
		{C90F6237-17BF-42F5-8229-84442F1B3E95}.Release|Any CPU.ActiveCfg = Release|Any CPU
		{C90F6237-17BF-42F5-8229-84442F1B3E95}.Release|Any CPU.Build.0 = Release|Any CPU
	EndGlobalSection
	GlobalSection(NestedProjects) = preSolution
		{D703E47D-5838-4392-A558-1180068E553B} = {A25D45DF-5DE2-49E4-B24D-28A5A1A827AC}
	EndGlobalSection
EndGlobal
